// !$*UTF8*$!
{
	archiveVersion = 1;
	classes = {
	};
	objectVersion = 46;
	objects = {

/* Begin PBXBuildFile section */
		006DBC36187FCAC200C0F3B7 /* Foundation.framework in Frameworks */ = {isa = PBXBuildFile; fileRef = 006DBC35187FCAC200C0F3B7 /* Foundation.framework */; };
		006DBC38187FCAC200C0F3B7 /* CoreGraphics.framework in Frameworks */ = {isa = PBXBuildFile; fileRef = 006DBC37187FCAC200C0F3B7 /* CoreGraphics.framework */; };
		006DBC3A187FCAC200C0F3B7 /* UIKit.framework in Frameworks */ = {isa = PBXBuildFile; fileRef = 006DBC39187FCAC200C0F3B7 /* UIKit.framework */; };
		006DBC40187FCAC200C0F3B7 /* InfoPlist.strings in Resources */ = {isa = PBXBuildFile; fileRef = 006DBC3E187FCAC200C0F3B7 /* InfoPlist.strings */; };
		006DBC42187FCAC200C0F3B7 /* main.m in Sources */ = {isa = PBXBuildFile; fileRef = 006DBC41187FCAC200C0F3B7 /* main.m */; };
		006DBC46187FCAC200C0F3B7 /* AppDelegate.m in Sources */ = {isa = PBXBuildFile; fileRef = 006DBC45187FCAC200C0F3B7 /* AppDelegate.m */; };
		006DBC49187FCAC200C0F3B7 /* Main.storyboard in Resources */ = {isa = PBXBuildFile; fileRef = 006DBC47187FCAC200C0F3B7 /* Main.storyboard */; };
		006DBC4C187FCAC200C0F3B7 /* ViewController.m in Sources */ = {isa = PBXBuildFile; fileRef = 006DBC4B187FCAC200C0F3B7 /* ViewController.m */; };
		006DBC4E187FCAC200C0F3B7 /* Images.xcassets in Resources */ = {isa = PBXBuildFile; fileRef = 006DBC4D187FCAC200C0F3B7 /* Images.xcassets */; };
		006DBC55187FCAC200C0F3B7 /* XCTest.framework in Frameworks */ = {isa = PBXBuildFile; fileRef = 006DBC54187FCAC200C0F3B7 /* XCTest.framework */; };
		006DBC56187FCAC200C0F3B7 /* Foundation.framework in Frameworks */ = {isa = PBXBuildFile; fileRef = 006DBC35187FCAC200C0F3B7 /* Foundation.framework */; };
		006DBC57187FCAC200C0F3B7 /* UIKit.framework in Frameworks */ = {isa = PBXBuildFile; fileRef = 006DBC39187FCAC200C0F3B7 /* UIKit.framework */; };
		006DBC5F187FCAC200C0F3B7 /* InfoPlist.strings in Resources */ = {isa = PBXBuildFile; fileRef = 006DBC5D187FCAC200C0F3B7 /* InfoPlist.strings */; };
		006DBC61187FCAC200C0F3B7 /* __6_6Tests.m in Sources */ = {isa = PBXBuildFile; fileRef = 006DBC60187FCAC200C0F3B7 /* __6_6Tests.m */; };
/* End PBXBuildFile section */

/* Begin PBXContainerItemProxy section */
		006DBC58187FCAC200C0F3B7 /* PBXContainerItemProxy */ = {
			isa = PBXContainerItemProxy;
			containerPortal = 006DBC2A187FCAC200C0F3B7 /* Project object */;
			proxyType = 1;
			remoteGlobalIDString = 006DBC31187FCAC200C0F3B7;
			remoteInfo = 2.6.6;
		};
/* End PBXContainerItemProxy section */

/* Begin PBXFileReference section */
		006DBC32187FCAC200C0F3B7 /* 2.6.6.app */ = {isa = PBXFileReference; explicitFileType = wrapper.application; includeInIndex = 0; path = 2.6.6.app; sourceTree = BUILT_PRODUCTS_DIR; };
		006DBC35187FCAC200C0F3B7 /* Foundation.framework */ = {isa = PBXFileReference; lastKnownFileType = wrapper.framework; name = Foundation.framework; path = System/Library/Frameworks/Foundation.framework; sourceTree = SDKROOT; };
		006DBC37187FCAC200C0F3B7 /* CoreGraphics.framework */ = {isa = PBXFileReference; lastKnownFileType = wrapper.framework; name = CoreGraphics.framework; path = System/Library/Frameworks/CoreGraphics.framework; sourceTree = SDKROOT; };
		006DBC39187FCAC200C0F3B7 /* UIKit.framework */ = {isa = PBXFileReference; lastKnownFileType = wrapper.framework; name = UIKit.framework; path = System/Library/Frameworks/UIKit.framework; sourceTree = SDKROOT; };
		006DBC3D187FCAC200C0F3B7 /* 2.6.6-Info.plist */ = {isa = PBXFileReference; lastKnownFileType = text.plist.xml; path = "2.6.6-Info.plist"; sourceTree = "<group>"; };
		006DBC3F187FCAC200C0F3B7 /* en */ = {isa = PBXFileReference; lastKnownFileType = text.plist.strings; name = en; path = en.lproj/InfoPlist.strings; sourceTree = "<group>"; };
		006DBC41187FCAC200C0F3B7 /* main.m */ = {isa = PBXFileReference; lastKnownFileType = sourcecode.c.objc; path = main.m; sourceTree = "<group>"; };
		006DBC43187FCAC200C0F3B7 /* 2.6.6-Prefix.pch */ = {isa = PBXFileReference; lastKnownFileType = sourcecode.c.h; path = "2.6.6-Prefix.pch"; sourceTree = "<group>"; };
		006DBC44187FCAC200C0F3B7 /* AppDelegate.h */ = {isa = PBXFileReference; lastKnownFileType = sourcecode.c.h; path = AppDelegate.h; sourceTree = "<group>"; };
		006DBC45187FCAC200C0F3B7 /* AppDelegate.m */ = {isa = PBXFileReference; lastKnownFileType = sourcecode.c.objc; path = AppDelegate.m; sourceTree = "<group>"; };
		006DBC48187FCAC200C0F3B7 /* Base */ = {isa = PBXFileReference; lastKnownFileType = file.storyboard; name = Base; path = Base.lproj/Main.storyboard; sourceTree = "<group>"; };
		006DBC4A187FCAC200C0F3B7 /* ViewController.h */ = {isa = PBXFileReference; lastKnownFileType = sourcecode.c.h; path = ViewController.h; sourceTree = "<group>"; };
		006DBC4B187FCAC200C0F3B7 /* ViewController.m */ = {isa = PBXFileReference; lastKnownFileType = sourcecode.c.objc; path = ViewController.m; sourceTree = "<group>"; };
		006DBC4D187FCAC200C0F3B7 /* Images.xcassets */ = {isa = PBXFileReference; lastKnownFileType = folder.assetcatalog; path = Images.xcassets; sourceTree = "<group>"; };
		006DBC53187FCAC200C0F3B7 /* 2.6.6Tests.xctest */ = {isa = PBXFileReference; explicitFileType = wrapper.cfbundle; includeInIndex = 0; path = 2.6.6Tests.xctest; sourceTree = BUILT_PRODUCTS_DIR; };
		006DBC54187FCAC200C0F3B7 /* XCTest.framework */ = {isa = PBXFileReference; lastKnownFileType = wrapper.framework; name = XCTest.framework; path = Library/Frameworks/XCTest.framework; sourceTree = DEVELOPER_DIR; };
		006DBC5C187FCAC200C0F3B7 /* 2.6.6Tests-Info.plist */ = {isa = PBXFileReference; lastKnownFileType = text.plist.xml; path = "2.6.6Tests-Info.plist"; sourceTree = "<group>"; };
		006DBC5E187FCAC200C0F3B7 /* en */ = {isa = PBXFileReference; lastKnownFileType = text.plist.strings; name = en; path = en.lproj/InfoPlist.strings; sourceTree = "<group>"; };
		006DBC60187FCAC200C0F3B7 /* __6_6Tests.m */ = {isa = PBXFileReference; lastKnownFileType = sourcecode.c.objc; path = __6_6Tests.m; sourceTree = "<group>"; };
/* End PBXFileReference section */

/* Begin PBXFrameworksBuildPhase section */
		006DBC2F187FCAC200C0F3B7 /* Frameworks */ = {
			isa = PBXFrameworksBuildPhase;
			buildActionMask = 2147483647;
			files = (
				006DBC38187FCAC200C0F3B7 /* CoreGraphics.framework in Frameworks */,
				006DBC3A187FCAC200C0F3B7 /* UIKit.framework in Frameworks */,
				006DBC36187FCAC200C0F3B7 /* Foundation.framework in Frameworks */,
			);
			runOnlyForDeploymentPostprocessing = 0;
		};
		006DBC50187FCAC200C0F3B7 /* Frameworks */ = {
			isa = PBXFrameworksBuildPhase;
			buildActionMask = 2147483647;
			files = (
				006DBC55187FCAC200C0F3B7 /* XCTest.framework in Frameworks */,
				006DBC57187FCAC200C0F3B7 /* UIKit.framework in Frameworks */,
				006DBC56187FCAC200C0F3B7 /* Foundation.framework in Frameworks */,
			);
			runOnlyForDeploymentPostprocessing = 0;
		};
/* End PBXFrameworksBuildPhase section */

/* Begin PBXGroup section */
		006DBC29187FCAC200C0F3B7 = {
			isa = PBXGroup;
			children = (
				006DBC3B187FCAC200C0F3B7 /* 2.6.6 */,
				006DBC5A187FCAC200C0F3B7 /* 2.6.6Tests */,
				006DBC34187FCAC200C0F3B7 /* Frameworks */,
				006DBC33187FCAC200C0F3B7 /* Products */,
			);
			sourceTree = "<group>";
		};
		006DBC33187FCAC200C0F3B7 /* Products */ = {
			isa = PBXGroup;
			children = (
				006DBC32187FCAC200C0F3B7 /* 2.6.6.app */,
				006DBC53187FCAC200C0F3B7 /* 2.6.6Tests.xctest */,
			);
			name = Products;
			sourceTree = "<group>";
		};
		006DBC34187FCAC200C0F3B7 /* Frameworks */ = {
			isa = PBXGroup;
			children = (
				006DBC35187FCAC200C0F3B7 /* Foundation.framework */,
				006DBC37187FCAC200C0F3B7 /* CoreGraphics.framework */,
				006DBC39187FCAC200C0F3B7 /* UIKit.framework */,
				006DBC54187FCAC200C0F3B7 /* XCTest.framework */,
			);
			name = Frameworks;
			sourceTree = "<group>";
		};
		006DBC3B187FCAC200C0F3B7 /* 2.6.6 */ = {
			isa = PBXGroup;
			children = (
				006DBC44187FCAC200C0F3B7 /* AppDelegate.h */,
				006DBC45187FCAC200C0F3B7 /* AppDelegate.m */,
				006DBC47187FCAC200C0F3B7 /* Main.storyboard */,
				006DBC4A187FCAC200C0F3B7 /* ViewController.h */,
				006DBC4B187FCAC200C0F3B7 /* ViewController.m */,
				006DBC4D187FCAC200C0F3B7 /* Images.xcassets */,
				006DBC3C187FCAC200C0F3B7 /* Supporting Files */,
			);
			path = 2.6.6;
			sourceTree = "<group>";
		};
		006DBC3C187FCAC200C0F3B7 /* Supporting Files */ = {
			isa = PBXGroup;
			children = (
				006DBC3D187FCAC200C0F3B7 /* 2.6.6-Info.plist */,
				006DBC3E187FCAC200C0F3B7 /* InfoPlist.strings */,
				006DBC41187FCAC200C0F3B7 /* main.m */,
				006DBC43187FCAC200C0F3B7 /* 2.6.6-Prefix.pch */,
			);
			name = "Supporting Files";
			sourceTree = "<group>";
		};
		006DBC5A187FCAC200C0F3B7 /* 2.6.6Tests */ = {
			isa = PBXGroup;
			children = (
				006DBC60187FCAC200C0F3B7 /* __6_6Tests.m */,
				006DBC5B187FCAC200C0F3B7 /* Supporting Files */,
			);
			path = 2.6.6Tests;
			sourceTree = "<group>";
		};
		006DBC5B187FCAC200C0F3B7 /* Supporting Files */ = {
			isa = PBXGroup;
			children = (
				006DBC5C187FCAC200C0F3B7 /* 2.6.6Tests-Info.plist */,
				006DBC5D187FCAC200C0F3B7 /* InfoPlist.strings */,
			);
			name = "Supporting Files";
			sourceTree = "<group>";
		};
/* End PBXGroup section */

/* Begin PBXNativeTarget section */
		006DBC31187FCAC200C0F3B7 /* 2.6.6 */ = {
			isa = PBXNativeTarget;
			buildConfigurationList = 006DBC64187FCAC200C0F3B7 /* Build configuration list for PBXNativeTarget "2.6.6" */;
			buildPhases = (
				006DBC2E187FCAC200C0F3B7 /* Sources */,
				006DBC2F187FCAC200C0F3B7 /* Frameworks */,
				006DBC30187FCAC200C0F3B7 /* Resources */,
			);
			buildRules = (
			);
			dependencies = (
			);
			name = 2.6.6;
			productName = 2.6.6;
			productReference = 006DBC32187FCAC200C0F3B7 /* 2.6.6.app */;
			productType = "com.apple.product-type.application";
		};
		006DBC52187FCAC200C0F3B7 /* 2.6.6Tests */ = {
			isa = PBXNativeTarget;
			buildConfigurationList = 006DBC67187FCAC200C0F3B7 /* Build configuration list for PBXNativeTarget "2.6.6Tests" */;
			buildPhases = (
				006DBC4F187FCAC200C0F3B7 /* Sources */,
				006DBC50187FCAC200C0F3B7 /* Frameworks */,
				006DBC51187FCAC200C0F3B7 /* Resources */,
			);
			buildRules = (
			);
			dependencies = (
				006DBC59187FCAC200C0F3B7 /* PBXTargetDependency */,
			);
			name = 2.6.6Tests;
			productName = 2.6.6Tests;
			productReference = 006DBC53187FCAC200C0F3B7 /* 2.6.6Tests.xctest */;
			productType = "com.apple.product-type.bundle.unit-test";
		};
/* End PBXNativeTarget section */

/* Begin PBXProject section */
		006DBC2A187FCAC200C0F3B7 /* Project object */ = {
			isa = PBXProject;
			attributes = {
				LastUpgradeCheck = 0500;
				ORGANIZATIONNAME = "SDT-1";
				TargetAttributes = {
					006DBC52187FCAC200C0F3B7 = {
						TestTargetID = 006DBC31187FCAC200C0F3B7;
					};
				};
			};
			buildConfigurationList = 006DBC2D187FCAC200C0F3B7 /* Build configuration list for PBXProject "2.6.6" */;
			compatibilityVersion = "Xcode 3.2";
			developmentRegion = English;
			hasScannedForEncodings = 0;
			knownRegions = (
				en,
				Base,
			);
			mainGroup = 006DBC29187FCAC200C0F3B7;
			productRefGroup = 006DBC33187FCAC200C0F3B7 /* Products */;
			projectDirPath = "";
			projectRoot = "";
			targets = (
				006DBC31187FCAC200C0F3B7 /* 2.6.6 */,
				006DBC52187FCAC200C0F3B7 /* 2.6.6Tests */,
			);
		};
/* End PBXProject section */

/* Begin PBXResourcesBuildPhase section */
		006DBC30187FCAC200C0F3B7 /* Resources */ = {
			isa = PBXResourcesBuildPhase;
			buildActionMask = 2147483647;
			files = (
				006DBC4E187FCAC200C0F3B7 /* Images.xcassets in Resources */,
				006DBC40187FCAC200C0F3B7 /* InfoPlist.strings in Resources */,
				006DBC49187FCAC200C0F3B7 /* Main.storyboard in Resources */,
			);
			runOnlyForDeploymentPostprocessing = 0;
		};
		006DBC51187FCAC200C0F3B7 /* Resources */ = {
			isa = PBXResourcesBuildPhase;
			buildActionMask = 2147483647;
			files = (
				006DBC5F187FCAC200C0F3B7 /* InfoPlist.strings in Resources */,
			);
			runOnlyForDeploymentPostprocessing = 0;
		};
/* End PBXResourcesBuildPhase section */

/* Begin PBXSourcesBuildPhase section */
		006DBC2E187FCAC200C0F3B7 /* Sources */ = {
			isa = PBXSourcesBuildPhase;
			buildActionMask = 2147483647;
			files = (
				006DBC4C187FCAC200C0F3B7 /* ViewController.m in Sources */,
				006DBC46187FCAC200C0F3B7 /* AppDelegate.m in Sources */,
				006DBC42187FCAC200C0F3B7 /* main.m in Sources */,
			);
			runOnlyForDeploymentPostprocessing = 0;
		};
		006DBC4F187FCAC200C0F3B7 /* Sources */ = {
			isa = PBXSourcesBuildPhase;
			buildActionMask = 2147483647;
			files = (
				006DBC61187FCAC200C0F3B7 /* __6_6Tests.m in Sources */,
			);
			runOnlyForDeploymentPostprocessing = 0;
		};
/* End PBXSourcesBuildPhase section */

/* Begin PBXTargetDependency section */
		006DBC59187FCAC200C0F3B7 /* PBXTargetDependency */ = {
			isa = PBXTargetDependency;
			target = 006DBC31187FCAC200C0F3B7 /* 2.6.6 */;
			targetProxy = 006DBC58187FCAC200C0F3B7 /* PBXContainerItemProxy */;
		};
/* End PBXTargetDependency section */

/* Begin PBXVariantGroup section */
		006DBC3E187FCAC200C0F3B7 /* InfoPlist.strings */ = {
			isa = PBXVariantGroup;
			children = (
				006DBC3F187FCAC200C0F3B7 /* en */,
			);
			name = InfoPlist.strings;
			sourceTree = "<group>";
		};
		006DBC47187FCAC200C0F3B7 /* Main.storyboard */ = {
			isa = PBXVariantGroup;
			children = (
				006DBC48187FCAC200C0F3B7 /* Base */,
			);
			name = Main.storyboard;
			sourceTree = "<group>";
		};
		006DBC5D187FCAC200C0F3B7 /* InfoPlist.strings */ = {
			isa = PBXVariantGroup;
			children = (
				006DBC5E187FCAC200C0F3B7 /* en */,
			);
			name = InfoPlist.strings;
			sourceTree = "<group>";
		};
/* End PBXVariantGroup section */

/* Begin XCBuildConfiguration section */
		006DBC62187FCAC200C0F3B7 /* Debug */ = {
			isa = XCBuildConfiguration;
			buildSettings = {
				ALWAYS_SEARCH_USER_PATHS = NO;
				ARCHS = "$(ARCHS_STANDARD_INCLUDING_64_BIT)";
				CLANG_CXX_LANGUAGE_STANDARD = "gnu++0x";
				CLANG_CXX_LIBRARY = "libc++";
				CLANG_ENABLE_MODULES = YES;
				CLANG_ENABLE_OBJC_ARC = YES;
				CLANG_WARN_BOOL_CONVERSION = YES;
				CLANG_WARN_CONSTANT_CONVERSION = YES;
				CLANG_WARN_DIRECT_OBJC_ISA_USAGE = YES_ERROR;
				CLANG_WARN_EMPTY_BODY = YES;
				CLANG_WARN_ENUM_CONVERSION = YES;
				CLANG_WARN_INT_CONVERSION = YES;
				CLANG_WARN_OBJC_ROOT_CLASS = YES_ERROR;
				CLANG_WARN__DUPLICATE_METHOD_MATCH = YES;
				"CODE_SIGN_IDENTITY[sdk=iphoneos*]" = "iPhone Developer";
				COPY_PHASE_STRIP = NO;
				GCC_C_LANGUAGE_STANDARD = gnu99;
				GCC_DYNAMIC_NO_PIC = NO;
				GCC_OPTIMIZATION_LEVEL = 0;
				GCC_PREPROCESSOR_DEFINITIONS = (
					"DEBUG=1",
					"$(inherited)",
				);
				GCC_SYMBOLS_PRIVATE_EXTERN = NO;
				GCC_WARN_64_TO_32_BIT_CONVERSION = YES;
				GCC_WARN_ABOUT_RETURN_TYPE = YES_ERROR;
				GCC_WARN_UNDECLARED_SELECTOR = YES;
				GCC_WARN_UNINITIALIZED_AUTOS = YES;
				GCC_WARN_UNUSED_FUNCTION = YES;
				GCC_WARN_UNUSED_VARIABLE = YES;
				IPHONEOS_DEPLOYMENT_TARGET = 7.0;
				ONLY_ACTIVE_ARCH = YES;
				SDKROOT = iphoneos;
			};
			name = Debug;
		};
		006DBC63187FCAC200C0F3B7 /* Release */ = {
			isa = XCBuildConfiguration;
			buildSettings = {
				ALWAYS_SEARCH_USER_PATHS = NO;
				ARCHS = "$(ARCHS_STANDARD_INCLUDING_64_BIT)";
				CLANG_CXX_LANGUAGE_STANDARD = "gnu++0x";
				CLANG_CXX_LIBRARY = "libc++";
				CLANG_ENABLE_MODULES = YES;
				CLANG_ENABLE_OBJC_ARC = YES;
				CLANG_WARN_BOOL_CONVERSION = YES;
				CLANG_WARN_CONSTANT_CONVERSION = YES;
				CLANG_WARN_DIRECT_OBJC_ISA_USAGE = YES_ERROR;
				CLANG_WARN_EMPTY_BODY = YES;
				CLANG_WARN_ENUM_CONVERSION = YES;
				CLANG_WARN_INT_CONVERSION = YES;
				CLANG_WARN_OBJC_ROOT_CLASS = YES_ERROR;
				CLANG_WARN__DUPLICATE_METHOD_MATCH = YES;
				"CODE_SIGN_IDENTITY[sdk=iphoneos*]" = "iPhone Developer";
				COPY_PHASE_STRIP = YES;
				ENABLE_NS_ASSERTIONS = NO;
				GCC_C_LANGUAGE_STANDARD = gnu99;
				GCC_WARN_64_TO_32_BIT_CONVERSION = YES;
				GCC_WARN_ABOUT_RETURN_TYPE = YES_ERROR;
				GCC_WARN_UNDECLARED_SELECTOR = YES;
				GCC_WARN_UNINITIALIZED_AUTOS = YES;
				GCC_WARN_UNUSED_FUNCTION = YES;
				GCC_WARN_UNUSED_VARIABLE = YES;
				IPHONEOS_DEPLOYMENT_TARGET = 7.0;
				SDKROOT = iphoneos;
				VALIDATE_PRODUCT = YES;
			};
			name = Release;
		};
		006DBC65187FCAC200C0F3B7 /* Debug */ = {
			isa = XCBuildConfiguration;
			buildSettings = {
				ASSETCATALOG_COMPILER_APPICON_NAME = AppIcon;
				ASSETCATALOG_COMPILER_LAUNCHIMAGE_NAME = LaunchImage;
				GCC_PRECOMPILE_PREFIX_HEADER = YES;
				GCC_PREFIX_HEADER = "2.6.6/2.6.6-Prefix.pch";
				INFOPLIST_FILE = "2.6.6/2.6.6-Info.plist";
				PRODUCT_NAME = "$(TARGET_NAME)";
				WRAPPER_EXTENSION = app;
			};
			name = Debug;
		};
		006DBC66187FCAC200C0F3B7 /* Release */ = {
			isa = XCBuildConfiguration;
			buildSettings = {
				ASSETCATALOG_COMPILER_APPICON_NAME = AppIcon;
				ASSETCATALOG_COMPILER_LAUNCHIMAGE_NAME = LaunchImage;
				GCC_PRECOMPILE_PREFIX_HEADER = YES;
				GCC_PREFIX_HEADER = "2.6.6/2.6.6-Prefix.pch";
				INFOPLIST_FILE = "2.6.6/2.6.6-Info.plist";
				PRODUCT_NAME = "$(TARGET_NAME)";
				WRAPPER_EXTENSION = app;
			};
			name = Release;
		};
		006DBC68187FCAC200C0F3B7 /* Debug */ = {
			isa = XCBuildConfiguration;
			buildSettings = {
				ARCHS = "$(ARCHS_STANDARD_INCLUDING_64_BIT)";
				BUNDLE_LOADER = "$(BUILT_PRODUCTS_DIR)/2.6.6.app/2.6.6";
				FRAMEWORK_SEARCH_PATHS = (
					"$(SDKROOT)/Developer/Library/Frameworks",
					"$(inherited)",
					"$(DEVELOPER_FRAMEWORKS_DIR)",
				);
				GCC_PRECOMPILE_PREFIX_HEADER = YES;
				GCC_PREFIX_HEADER = "2.6.6/2.6.6-Prefix.pch";
				GCC_PREPROCESSOR_DEFINITIONS = (
					"DEBUG=1",
					"$(inherited)",
				);
				INFOPLIST_FILE = "2.6.6Tests/2.6.6Tests-Info.plist";
				PRODUCT_NAME = "$(TARGET_NAME)";
				TEST_HOST = "$(BUNDLE_LOADER)";
				WRAPPER_EXTENSION = xctest;
			};
			name = Debug;
		};
		006DBC69187FCAC200C0F3B7 /* Release */ = {
			isa = XCBuildConfiguration;
			buildSettings = {
				ARCHS = "$(ARCHS_STANDARD_INCLUDING_64_BIT)";
				BUNDLE_LOADER = "$(BUILT_PRODUCTS_DIR)/2.6.6.app/2.6.6";
				FRAMEWORK_SEARCH_PATHS = (
					"$(SDKROOT)/Developer/Library/Frameworks",
					"$(inherited)",
					"$(DEVELOPER_FRAMEWORKS_DIR)",
				);
				GCC_PRECOMPILE_PREFIX_HEADER = YES;
				GCC_PREFIX_HEADER = "2.6.6/2.6.6-Prefix.pch";
				INFOPLIST_FILE = "2.6.6Tests/2.6.6Tests-Info.plist";
				PRODUCT_NAME = "$(TARGET_NAME)";
				TEST_HOST = "$(BUNDLE_LOADER)";
				WRAPPER_EXTENSION = xctest;
			};
			name = Release;
		};
/* End XCBuildConfiguration section */

/* Begin XCConfigurationList section */
		006DBC2D187FCAC200C0F3B7 /* Build configuration list for PBXProject "2.6.6" */ = {
			isa = XCConfigurationList;
			buildConfigurations = (
				006DBC62187FCAC200C0F3B7 /* Debug */,
				006DBC63187FCAC200C0F3B7 /* Release */,
			);
			defaultConfigurationIsVisible = 0;
			defaultConfigurationName = Release;
		};
		006DBC64187FCAC200C0F3B7 /* Build configuration list for PBXNativeTarget "2.6.6" */ = {
			isa = XCConfigurationList;
			buildConfigurations = (
				006DBC65187FCAC200C0F3B7 /* Debug */,
				006DBC66187FCAC200C0F3B7 /* Release */,
			);
			defaultConfigurationIsVisible = 0;
		};
		006DBC67187FCAC200C0F3B7 /* Build configuration list for PBXNativeTarget "2.6.6Tests" */ = {
			isa = XCConfigurationList;
			buildConfigurations = (
				006DBC68187FCAC200C0F3B7 /* Debug */,
				006DBC69187FCAC200C0F3B7 /* Release */,
			);
			defaultConfigurationIsVisible = 0;
		};
/* End XCConfigurationList section */
	};
	rootObject = 006DBC2A187FCAC200C0F3B7 /* Project object */;
}
